
Microsoft Visual Studio Solution File, Format Version 12.00
# Visual Studio Version 17
VisualStudioVersion = 17.5.002.0
MinimumVisualStudioVersion = 10.0.40219.1
Project("{9A19103F-16F7-4668-BE54-9A1E7A4F7556}") = "calculatorApi", "calculatorApi.csproj", "{BE126A85-49C8-43D7-BAC2-B10C8BAA8DEB}"
EndProject
Global
	GlobalSection(SolutionConfigurationPlatforms) = preSolution
		Debug|Any CPU = Debug|Any CPU
		Release|Any CPU = Release|Any CPU
	EndGlobalSection
	GlobalSection(ProjectConfigurationPlatforms) = postSolution
		{BE126A85-49C8-43D7-BAC2-B10C8BAA8DEB}.Debug|Any CPU.ActiveCfg = Debug|Any CPU
		{BE126A85-49C8-43D7-BAC2-B10C8BAA8DEB}.Debug|Any CPU.Build.0 = Debug|Any CPU
		{BE126A85-49C8-43D7-BAC2-B10C8BAA8DEB}.Release|Any CPU.ActiveCfg = Release|Any CPU
		{BE126A85-49C8-43D7-BAC2-B10C8BAA8DEB}.Release|Any CPU.Build.0 = Release|Any CPU
	EndGlobalSection
	GlobalSection(SolutionProperties) = preSolution
		HideSolutionNode = FALSE
	EndGlobalSection
	GlobalSection(ExtensibilityGlobals) = postSolution
		SolutionGuid = {D7C70844-67C5-4F13-9668-B9384978743D}
	EndGlobalSection
EndGlobal
